
Microsoft Visual Studio Solution File, Format Version 12.00
# Visual Studio 14
VisualStudioVersion = 14.0.25420.1
MinimumVisualStudioVersion = 10.0.40219.1
Project("{2150E333-8FDC-42A3-9474-1A3956D46DE8}") = "Tools", "Tools", "{44D0B3C3-2CA1-419E-BCC1-F0D789243445}"
EndProject
Project("{FAE04EC0-301F-11D3-BF4B-00C04F79EFBC}") = "CBMGR.Entity", "CBMGR.Entity\CBMGR.Entity.csproj", "{E8E6FF0E-4103-4703-9A0D-76A61263DFDE}"
EndProject
Project("{FAE04EC0-301F-11D3-BF4B-00C04F79EFBC}") = "CBMRG.Tools.HttpRequestTool", "CBMGR.Tools.HttpRequestTool\CBMRG.Tools.HttpRequestTool.csproj", "{436A7E53-92B8-4ED3-B8E2-548B46E216A0}"
EndProject
Project("{FAE04EC0-301F-11D3-BF4B-00C04F79EFBC}") = "CBMGR.Common", "CBMGR.Common\CBMGR.Common.csproj", "{33173173-4FDD-4FE0-9684-54161353D3B3}"
EndProject
Project("{FAE04EC0-301F-11D3-BF4B-00C04F79EFBC}") = "CBMGR.WebApi", "CBMGR.WebApi\CBMGR.WebApi.csproj", "{72C70E34-A7AF-429A-9F6B-3A05F4D30882}"
EndProject
Project("{FAE04EC0-301F-11D3-BF4B-00C04F79EFBC}") = "CBMGR.Ingerface", "CBMGR.Ingerface\CBMGR.Ingerface.csproj", "{31B157EB-F888-4037-AB45-6E185E7B2F23}"
EndProject
Project("{FAE04EC0-301F-11D3-BF4B-00C04F79EFBC}") = "CBMGR.WebModule", "CBMGR.WebModule\CBMGR.WebModule.csproj", "{4B10BC7A-C4B2-42E9-891D-6584829DADF2}"
EndProject
Global
	GlobalSection(SolutionConfigurationPlatforms) = preSolution
		Debug|Any CPU = Debug|Any CPU
		Release|Any CPU = Release|Any CPU
	EndGlobalSection
	GlobalSection(ProjectConfigurationPlatforms) = postSolution
		{E8E6FF0E-4103-4703-9A0D-76A61263DFDE}.Debug|Any CPU.ActiveCfg = Debug|Any CPU
		{E8E6FF0E-4103-4703-9A0D-76A61263DFDE}.Debug|Any CPU.Build.0 = Debug|Any CPU
		{E8E6FF0E-4103-4703-9A0D-76A61263DFDE}.Release|Any CPU.ActiveCfg = Release|Any CPU
		{E8E6FF0E-4103-4703-9A0D-76A61263DFDE}.Release|Any CPU.Build.0 = Release|Any CPU
		{436A7E53-92B8-4ED3-B8E2-548B46E216A0}.Debug|Any CPU.ActiveCfg = Debug|Any CPU
		{436A7E53-92B8-4ED3-B8E2-548B46E216A0}.Debug|Any CPU.Build.0 = Debug|Any CPU
		{436A7E53-92B8-4ED3-B8E2-548B46E216A0}.Release|Any CPU.ActiveCfg = Release|Any CPU
		{436A7E53-92B8-4ED3-B8E2-548B46E216A0}.Release|Any CPU.Build.0 = Release|Any CPU
		{33173173-4FDD-4FE0-9684-54161353D3B3}.Debug|Any CPU.ActiveCfg = Debug|Any CPU
		{33173173-4FDD-4FE0-9684-54161353D3B3}.Debug|Any CPU.Build.0 = Debug|Any CPU
		{33173173-4FDD-4FE0-9684-54161353D3B3}.Release|Any CPU.ActiveCfg = Release|Any CPU
		{33173173-4FDD-4FE0-9684-54161353D3B3}.Release|Any CPU.Build.0 = Release|Any CPU
		{72C70E34-A7AF-429A-9F6B-3A05F4D30882}.Debug|Any CPU.ActiveCfg = Debug|Any CPU
		{72C70E34-A7AF-429A-9F6B-3A05F4D30882}.Debug|Any CPU.Build.0 = Debug|Any CPU
		{72C70E34-A7AF-429A-9F6B-3A05F4D30882}.Release|Any CPU.ActiveCfg = Release|Any CPU
		{72C70E34-A7AF-429A-9F6B-3A05F4D30882}.Release|Any CPU.Build.0 = Release|Any CPU
		{31B157EB-F888-4037-AB45-6E185E7B2F23}.Debug|Any CPU.ActiveCfg = Debug|Any CPU
		{31B157EB-F888-4037-AB45-6E185E7B2F23}.Debug|Any CPU.Build.0 = Debug|Any CPU
		{31B157EB-F888-4037-AB45-6E185E7B2F23}.Release|Any CPU.ActiveCfg = Release|Any CPU
		{31B157EB-F888-4037-AB45-6E185E7B2F23}.Release|Any CPU.Build.0 = Release|Any CPU
		{4B10BC7A-C4B2-42E9-891D-6584829DADF2}.Debug|Any CPU.ActiveCfg = Debug|Any CPU
		{4B10BC7A-C4B2-42E9-891D-6584829DADF2}.Debug|Any CPU.Build.0 = Debug|Any CPU
		{4B10BC7A-C4B2-42E9-891D-6584829DADF2}.Release|Any CPU.ActiveCfg = Release|Any CPU
		{4B10BC7A-C4B2-42E9-891D-6584829DADF2}.Release|Any CPU.Build.0 = Release|Any CPU
	EndGlobalSection
	GlobalSection(SolutionProperties) = preSolution
		HideSolutionNode = FALSE
	EndGlobalSection
	GlobalSection(NestedProjects) = preSolution
		{436A7E53-92B8-4ED3-B8E2-548B46E216A0} = {44D0B3C3-2CA1-419E-BCC1-F0D789243445}
	EndGlobalSection
EndGlobal
